{
  "version": 4,
  "terraform_version": "0.14.4",
  "serial": 7,
  "lineage": "83274691-1159-6ae5-1af7-d89865a69d67",
  "outputs": {},
  "resources": [
    {
      "mode": "managed",
      "type": "aws_autoscaling_group",
      "name": "first_autoscaling",
      "provider": "provider[\"registry.terraform.io/hashicorp/aws\"]",
      "instances": [
        {
          "schema_version": 0,
          "attributes": {
            "arn": "arn:aws:autoscaling:ap-south-1:237389711669:autoScalingGroup:437d2820-f262-4a8b-85af-1ee7754aacfd:autoScalingGroupName/autoscaling-terraform-test",
            "availability_zones": [
              "ap-south-1a",
              "ap-south-1b",
              "ap-south-1c"
            ],
            "capacity_rebalance": false,
            "default_cooldown": 300,
            "desired_capacity": 1,
            "enabled_metrics": null,
            "force_delete": true,
            "health_check_grace_period": 300,
            "health_check_type": "EC2",
            "id": "autoscaling-terraform-test",
            "initial_lifecycle_hook": [],
            "instance_refresh": [],
            "launch_configuration": "web_config",
            "launch_template": [],
            "load_balancers": null,
            "max_instance_lifetime": 0,
            "max_size": 2,
            "metrics_granularity": "1Minute",
            "min_elb_capacity": null,
            "min_size": 1,
            "mixed_instances_policy": [],
            "name": "autoscaling-terraform-test",
            "name_prefix": null,
            "placement_group": "",
            "protect_from_scale_in": false,
            "service_linked_role_arn": "arn:aws:iam::237389711669:role/aws-service-role/autoscaling.amazonaws.com/AWSServiceRoleForAutoScaling",
            "suspended_processes": null,
            "tag": [],
            "tags": null,
            "target_group_arns": null,
            "termination_policies": null,
            "timeouts": null,
            "vpc_zone_identifier": [],
            "wait_for_capacity_timeout": "10m",
            "wait_for_elb_capacity": null
          },
          "sensitive_attributes": [],
          "private": "eyJlMmJmYjczMC1lY2FhLTExZTYtOGY4OC0zNDM2M2JjN2M0YzAiOnsiZGVsZXRlIjo2MDAwMDAwMDAwMDB9fQ==",
          "dependencies": [
            "aws_launch_configuration.launch_config"
          ]
        }
      ]
    },
    {
      "mode": "managed",
      "type": "aws_autoscaling_notification",
      "name": "example_notifications",
      "provider": "provider[\"registry.terraform.io/hashicorp/aws\"]",
      "instances": [
        {
          "schema_version": 0,
          "attributes": {
            "group_names": [
              "autoscaling-terraform-test"
            ],
            "id": "arn:aws:sns:ap-south-1:237389711669:user-updates-topic",
            "notifications": [
              "autoscaling:EC2_INSTANCE_LAUNCH",
              "autoscaling:EC2_INSTANCE_LAUNCH_ERROR",
              "autoscaling:EC2_INSTANCE_TERMINATE",
              "autoscaling:EC2_INSTANCE_TERMINATE_ERROR"
            ],
            "topic_arn": "arn:aws:sns:ap-south-1:237389711669:user-updates-topic"
          },
          "sensitive_attributes": [],
          "private": "bnVsbA==",
          "dependencies": [
            "aws_autoscaling_group.first_autoscaling",
            "aws_launch_configuration.launch_config",
            "aws_sns_topic.user_updates"
          ]
        }
      ]
    },
    {
      "mode": "managed",
      "type": "aws_autoscaling_policy",
      "name": "autopolicy",
      "provider": "provider[\"registry.terraform.io/hashicorp/aws\"]",
      "instances": [
        {
          "schema_version": 0,
          "attributes": {
            "adjustment_type": "ChangeInCapacity",
            "arn": "arn:aws:autoscaling:ap-south-1:237389711669:scalingPolicy:f99f3438-316f-4571-bcd6-68255cddd33a:autoScalingGroupName/autoscaling-terraform-test:policyName/autopolicy-terraform-test",
            "autoscaling_group_name": "autoscaling-terraform-test",
            "cooldown": 300,
            "estimated_instance_warmup": 0,
            "id": "autopolicy-terraform-test",
            "metric_aggregation_type": "",
            "min_adjustment_magnitude": null,
            "name": "autopolicy-terraform-test",
            "policy_type": "SimpleScaling",
            "scaling_adjustment": 1,
            "step_adjustment": [],
            "target_tracking_configuration": []
          },
          "sensitive_attributes": [],
          "private": "bnVsbA==",
          "dependencies": [
            "aws_autoscaling_group.first_autoscaling",
            "aws_launch_configuration.launch_config"
          ]
        }
      ]
    },
    {
      "mode": "managed",
      "type": "aws_key_pair",
      "name": "key-pair",
      "provider": "provider[\"registry.terraform.io/hashicorp/aws\"]",
      "instances": [
        {
          "schema_version": 1,
          "attributes": {
            "arn": "arn:aws:ec2:ap-south-1:237389711669:key-pair/tfkeypair",
            "fingerprint": "7a:db:74:37:b8:2e:91:f0:7d:d5:86:cf:b2:e9:b4:e4",
            "id": "tfkeypair",
            "key_name": "tfkeypair",
            "key_name_prefix": null,
            "key_pair_id": "key-0a3d77a784a28d69e",
            "public_key": "---- BEGIN SSH2 PUBLIC KEY ----\r\nComment: \"rsa-key-20210114\"\r\nAAAAB3NzaC1yc2EAAAABJQAAAQEAtb2t+PI5qRlG+0plKmvE7GW4Aprl2VA+1eSo\r\nFBBZROXnOLUVfpHeAiD0zfLDA3SVwVjtDWAXmqFJvfYxiNDQmyCHXfGd19u4B1NL\r\nNlabZ55b4yuz6f1Fj7af02+26MKloETq2tgVp5p+b4gcq3sS7MPDwvrr2dEzkRGh\r\nkH1wWuWI3K2zTQIY/g3jtFqONbtqTVaPZm9FKKnaAZ1xbt+E4IV0hQmSmClxtVxB\r\nQxoZnzcYy/gLpAwZIBlOsVf3Rnru1bP/kr2u39dqWHZ/Lcl6SnCUKqvVmo09eRwr\r\nET/z24IzuF/7Zi9ehfbrPXlwlOO3o7fyl+iD2lrI3vcHCwlQsw==\r\n---- END SSH2 PUBLIC KEY ----",
            "tags": null
          },
          "sensitive_attributes": [],
          "private": "eyJzY2hlbWFfdmVyc2lvbiI6IjEifQ=="
        }
      ]
    },
    {
      "mode": "managed",
      "type": "aws_launch_configuration",
      "name": "launch_config",
      "provider": "provider[\"registry.terraform.io/hashicorp/aws\"]",
      "instances": [
        {
          "schema_version": 0,
          "attributes": {
            "arn": "arn:aws:autoscaling:ap-south-1:237389711669:launchConfiguration:ad0eebe2-59f0-4538-abff-0eb2537dbcba:launchConfigurationName/web_config",
            "associate_public_ip_address": false,
            "ebs_block_device": [],
            "ebs_optimized": false,
            "enable_monitoring": true,
            "ephemeral_block_device": [],
            "iam_instance_profile": "",
            "id": "web_config",
            "image_id": "ami-0a4a70bd98c6d6441",
            "instance_type": "t2.micro",
            "key_name": "tfkeypair",
            "metadata_options": [],
            "name": "web_config",
            "name_prefix": null,
            "placement_tenancy": null,
            "root_block_device": [],
            "security_groups": [
              "sg-01a516a845286636f"
            ],
            "spot_price": "",
            "user_data": null,
            "user_data_base64": null,
            "vpc_classic_link_id": "",
            "vpc_classic_link_security_groups": null
          },
          "sensitive_attributes": [],
          "private": "bnVsbA=="
        }
      ]
    },
    {
      "mode": "managed",
      "type": "aws_sns_topic",
      "name": "user_updates",
      "provider": "provider[\"registry.terraform.io/hashicorp/aws\"]",
      "instances": [
        {
          "schema_version": 0,
          "attributes": {
            "application_failure_feedback_role_arn": "",
            "application_success_feedback_role_arn": "",
            "application_success_feedback_sample_rate": null,
            "arn": "arn:aws:sns:ap-south-1:237389711669:user-updates-topic",
            "delivery_policy": "",
            "display_name": "example auto scaling",
            "http_failure_feedback_role_arn": "",
            "http_success_feedback_role_arn": "",
            "http_success_feedback_sample_rate": null,
            "id": "arn:aws:sns:ap-south-1:237389711669:user-updates-topic",
            "kms_master_key_id": "",
            "lambda_failure_feedback_role_arn": "",
            "lambda_success_feedback_role_arn": "",
            "lambda_success_feedback_sample_rate": null,
            "name": "user-updates-topic",
            "name_prefix": null,
            "policy": "{\"Version\":\"2008-10-17\",\"Id\":\"__default_policy_ID\",\"Statement\":[{\"Sid\":\"__default_statement_ID\",\"Effect\":\"Allow\",\"Principal\":{\"AWS\":\"*\"},\"Action\":[\"SNS:GetTopicAttributes\",\"SNS:SetTopicAttributes\",\"SNS:AddPermission\",\"SNS:RemovePermission\",\"SNS:DeleteTopic\",\"SNS:Subscribe\",\"SNS:ListSubscriptionsByTopic\",\"SNS:Publish\",\"SNS:Receive\"],\"Resource\":\"arn:aws:sns:ap-south-1:237389711669:user-updates-topic\",\"Condition\":{\"StringEquals\":{\"AWS:SourceOwner\":\"237389711669\"}}}]}",
            "sqs_failure_feedback_role_arn": "",
            "sqs_success_feedback_role_arn": "",
            "sqs_success_feedback_sample_rate": null,
            "tags": {}
          },
          "sensitive_attributes": [],
          "private": "bnVsbA=="
        }
      ]
    }
  ]
}
